
Microsoft Visual Studio Solution File, Format Version 12.00
# Visual Studio Version 17
VisualStudioVersion = 17.2.32602.215
MinimumVisualStudioVersion = 10.0.40219.1
Project("{9A19103F-16F7-4668-BE54-9A1E7A4F7556}") = "API", "API\API.csproj", "{85420EFD-AE20-4522-895B-3C2B3450DC12}"
EndProject
Project("{9A19103F-16F7-4668-BE54-9A1E7A4F7556}") = "Services", "Services\Services.csproj", "{3E3BBF9A-AD81-4765-A659-F32CFF20477D}"
EndProject
Project("{9A19103F-16F7-4668-BE54-9A1E7A4F7556}") = "Shared", "Shared\Shared.csproj", "{B9BE8AA2-6602-43A6-89ED-640FD72126EC}"
EndProject
Project("{9A19103F-16F7-4668-BE54-9A1E7A4F7556}") = "Utilities", "Utilities\Utilities.csproj", "{B7A58BAE-1F90-4FFC-8C0C-C3BCC11CEFE6}"
EndProject
Project("{9A19103F-16F7-4668-BE54-9A1E7A4F7556}") = "Database", "Database\Database.csproj", "{836F0A6D-1358-4F14-BD25-895B8A6C02BD}"
EndProject
Project("{FAE04EC0-301F-11D3-BF4B-00C04F79EFBC}") = "Database.Core", "Database.Core\Database.Core.csproj", "{2A0950E6-BB26-426E-A06B-F170B1011DFB}"
EndProject
Global
	GlobalSection(SolutionConfigurationPlatforms) = preSolution
		Debug|Any CPU = Debug|Any CPU
		Release|Any CPU = Release|Any CPU
	EndGlobalSection
	GlobalSection(ProjectConfigurationPlatforms) = postSolution
		{85420EFD-AE20-4522-895B-3C2B3450DC12}.Debug|Any CPU.ActiveCfg = Debug|Any CPU
		{85420EFD-AE20-4522-895B-3C2B3450DC12}.Debug|Any CPU.Build.0 = Debug|Any CPU
		{85420EFD-AE20-4522-895B-3C2B3450DC12}.Release|Any CPU.ActiveCfg = Release|Any CPU
		{85420EFD-AE20-4522-895B-3C2B3450DC12}.Release|Any CPU.Build.0 = Release|Any CPU
		{3E3BBF9A-AD81-4765-A659-F32CFF20477D}.Debug|Any CPU.ActiveCfg = Debug|Any CPU
		{3E3BBF9A-AD81-4765-A659-F32CFF20477D}.Debug|Any CPU.Build.0 = Debug|Any CPU
		{3E3BBF9A-AD81-4765-A659-F32CFF20477D}.Release|Any CPU.ActiveCfg = Release|Any CPU
		{3E3BBF9A-AD81-4765-A659-F32CFF20477D}.Release|Any CPU.Build.0 = Release|Any CPU
		{B9BE8AA2-6602-43A6-89ED-640FD72126EC}.Debug|Any CPU.ActiveCfg = Debug|Any CPU
		{B9BE8AA2-6602-43A6-89ED-640FD72126EC}.Debug|Any CPU.Build.0 = Debug|Any CPU
		{B9BE8AA2-6602-43A6-89ED-640FD72126EC}.Release|Any CPU.ActiveCfg = Release|Any CPU
		{B9BE8AA2-6602-43A6-89ED-640FD72126EC}.Release|Any CPU.Build.0 = Release|Any CPU
		{B7A58BAE-1F90-4FFC-8C0C-C3BCC11CEFE6}.Debug|Any CPU.ActiveCfg = Debug|Any CPU
		{B7A58BAE-1F90-4FFC-8C0C-C3BCC11CEFE6}.Debug|Any CPU.Build.0 = Debug|Any CPU
		{B7A58BAE-1F90-4FFC-8C0C-C3BCC11CEFE6}.Release|Any CPU.ActiveCfg = Release|Any CPU
		{B7A58BAE-1F90-4FFC-8C0C-C3BCC11CEFE6}.Release|Any CPU.Build.0 = Release|Any CPU
		{836F0A6D-1358-4F14-BD25-895B8A6C02BD}.Debug|Any CPU.ActiveCfg = Debug|Any CPU
		{836F0A6D-1358-4F14-BD25-895B8A6C02BD}.Debug|Any CPU.Build.0 = Debug|Any CPU
		{836F0A6D-1358-4F14-BD25-895B8A6C02BD}.Release|Any CPU.ActiveCfg = Release|Any CPU
		{836F0A6D-1358-4F14-BD25-895B8A6C02BD}.Release|Any CPU.Build.0 = Release|Any CPU
		{2A0950E6-BB26-426E-A06B-F170B1011DFB}.Debug|Any CPU.ActiveCfg = Debug|Any CPU
		{2A0950E6-BB26-426E-A06B-F170B1011DFB}.Debug|Any CPU.Build.0 = Debug|Any CPU
		{2A0950E6-BB26-426E-A06B-F170B1011DFB}.Release|Any CPU.ActiveCfg = Release|Any CPU
		{2A0950E6-BB26-426E-A06B-F170B1011DFB}.Release|Any CPU.Build.0 = Release|Any CPU
	EndGlobalSection
	GlobalSection(SolutionProperties) = preSolution
		HideSolutionNode = FALSE
	EndGlobalSection
	GlobalSection(ExtensibilityGlobals) = postSolution
		SolutionGuid = {DD579F07-99C9-4B22-9D53-A4584F5BC100}
	EndGlobalSection
EndGlobal
